
Microsoft Visual Studio Solution File, Format Version 12.00
# Visual Studio Version 16
VisualStudioVersion = 16.0.30611.23
MinimumVisualStudioVersion = 10.0.40219.1
Project("{FAE04EC0-301F-11D3-BF4B-00C04F79EFBC}") = "BilgiYonetimiProje", "BilgiYonetimiProje\BilgiYonetimiProje.csproj", "{C11F3E1E-D112-40BD-9734-4FB687B4E602}"
EndProject
Global
	GlobalSection(SolutionConfigurationPlatforms) = preSolution
		Debug|Any CPU = Debug|Any CPU
		Release|Any CPU = Release|Any CPU
	EndGlobalSection
	GlobalSection(ProjectConfigurationPlatforms) = postSolution
		{C11F3E1E-D112-40BD-9734-4FB687B4E602}.Debug|Any CPU.ActiveCfg = Debug|Any CPU
		{C11F3E1E-D112-40BD-9734-4FB687B4E602}.Debug|Any CPU.Build.0 = Debug|Any CPU
		{C11F3E1E-D112-40BD-9734-4FB687B4E602}.Release|Any CPU.ActiveCfg = Release|Any CPU
		{C11F3E1E-D112-40BD-9734-4FB687B4E602}.Release|Any CPU.Build.0 = Release|Any CPU
	EndGlobalSection
	GlobalSection(SolutionProperties) = preSolution
		HideSolutionNode = FALSE
	EndGlobalSection
	GlobalSection(ExtensibilityGlobals) = postSolution
		SolutionGuid = {D1BD8F48-1943-46C6-8776-7011CF9AB60D}
	EndGlobalSection
EndGlobal
